
Microsoft Visual Studio Solution File, Format Version 12.00
# Visual Studio Version 17
VisualStudioVersion = 17.9.34728.123
MinimumVisualStudioVersion = 10.0.40219.1
Project("{FAE04EC0-301F-11D3-BF4B-00C04F79EFBC}") = "PRN_OOP_EX2", "PRN_OOP_EX2.csproj", "{D7507B54-4625-45C0-AD09-AD3013D8DE2A}"
EndProject
Global
	GlobalSection(SolutionConfigurationPlatforms) = preSolution
		Debug|Any CPU = Debug|Any CPU
		Release|Any CPU = Release|Any CPU
	EndGlobalSection
	GlobalSection(ProjectConfigurationPlatforms) = postSolution
		{D7507B54-4625-45C0-AD09-AD3013D8DE2A}.Debug|Any CPU.ActiveCfg = Debug|Any CPU
		{D7507B54-4625-45C0-AD09-AD3013D8DE2A}.Debug|Any CPU.Build.0 = Debug|Any CPU
		{D7507B54-4625-45C0-AD09-AD3013D8DE2A}.Release|Any CPU.ActiveCfg = Release|Any CPU
		{D7507B54-4625-45C0-AD09-AD3013D8DE2A}.Release|Any CPU.Build.0 = Release|Any CPU
	EndGlobalSection
	GlobalSection(SolutionProperties) = preSolution
		HideSolutionNode = FALSE
	EndGlobalSection
	GlobalSection(ExtensibilityGlobals) = postSolution
		SolutionGuid = {A0F613E6-49A9-414F-AD2C-9AEF520F745E}
	EndGlobalSection
EndGlobal
